
Microsoft Visual Studio Solution File, Format Version 12.00
# Visual Studio Version 17
VisualStudioVersion = 17.3.32929.385
MinimumVisualStudioVersion = 10.0.40219.1
Project("{FAE04EC0-301F-11D3-BF4B-00C04F79EFBC}") = "SnakeAndLadderSimmuator", "SnakeAndLadderSimmuator.csproj", "{FE3EA8E7-B401-497E-9790-95ACB42650BD}"
EndProject
Global
	GlobalSection(SolutionConfigurationPlatforms) = preSolution
		Debug|Any CPU = Debug|Any CPU
		Release|Any CPU = Release|Any CPU
	EndGlobalSection
	GlobalSection(ProjectConfigurationPlatforms) = postSolution
		{FE3EA8E7-B401-497E-9790-95ACB42650BD}.Debug|Any CPU.ActiveCfg = Debug|Any CPU
		{FE3EA8E7-B401-497E-9790-95ACB42650BD}.Debug|Any CPU.Build.0 = Debug|Any CPU
		{FE3EA8E7-B401-497E-9790-95ACB42650BD}.Release|Any CPU.ActiveCfg = Release|Any CPU
		{FE3EA8E7-B401-497E-9790-95ACB42650BD}.Release|Any CPU.Build.0 = Release|Any CPU
	EndGlobalSection
	GlobalSection(SolutionProperties) = preSolution
		HideSolutionNode = FALSE
	EndGlobalSection
	GlobalSection(ExtensibilityGlobals) = postSolution
		SolutionGuid = {CCCB4C58-52B5-4A29-B63A-A9649DB22547}
	EndGlobalSection
EndGlobal
